// !$*UTF8*$!
{
	archiveVersion = 1;
	classes = {
	};
	objectVersion = 56;
	objects = {

/* Begin PBXBuildFile section */
		4B61A8E72B8642D600D9E283 /* Secure_Notes_AppApp.swift in Sources */ = {isa = PBXBuildFile; fileRef = 4B61A8E62B8642D600D9E283 /* Secure_Notes_AppApp.swift */; };
		4B61A8E92B8642D600D9E283 /* ContentView.swift in Sources */ = {isa = PBXBuildFile; fileRef = 4B61A8E82B8642D600D9E283 /* ContentView.swift */; };
		4B61A8EB2B8642D800D9E283 /* Assets.xcassets in Resources */ = {isa = PBXBuildFile; fileRef = 4B61A8EA2B8642D800D9E283 /* Assets.xcassets */; };
		4B61A8EE2B8642D800D9E283 /* Preview Assets.xcassets in Resources */ = {isa = PBXBuildFile; fileRef = 4B61A8ED2B8642D800D9E283 /* Preview Assets.xcassets */; };
		4B61A8F72B86490D00D9E283 /* LoginView.swift in Sources */ = {isa = PBXBuildFile; fileRef = 4B61A8F62B86490D00D9E283 /* LoginView.swift */; };
		4B61A8FA2B86495000D9E283 /* Extensions.swift in Sources */ = {isa = PBXBuildFile; fileRef = 4B61A8F92B86495000D9E283 /* Extensions.swift */; };
		4B61A8FD2B8649A000D9E283 /* CheckboxFieldView.swift in Sources */ = {isa = PBXBuildFile; fileRef = 4B61A8FC2B8649A000D9E283 /* CheckboxFieldView.swift */; };
		4B61A8FF2B864A8400D9E283 /* WelcomeScreen.swift in Sources */ = {isa = PBXBuildFile; fileRef = 4B61A8FE2B864A8400D9E283 /* WelcomeScreen.swift */; };
		4B61A9012B870BD800D9E283 /* CustomTextfieldWithTitle.swift in Sources */ = {isa = PBXBuildFile; fileRef = 4B61A9002B870BD800D9E283 /* CustomTextfieldWithTitle.swift */; };
/* End PBXBuildFile section */

/* Begin PBXFileReference section */
		4B61A8E32B8642D600D9E283 /* Secure Notes App.app */ = {isa = PBXFileReference; explicitFileType = wrapper.application; includeInIndex = 0; path = "Secure Notes App.app"; sourceTree = BUILT_PRODUCTS_DIR; };
		4B61A8E62B8642D600D9E283 /* Secure_Notes_AppApp.swift */ = {isa = PBXFileReference; lastKnownFileType = sourcecode.swift; path = Secure_Notes_AppApp.swift; sourceTree = "<group>"; };
		4B61A8E82B8642D600D9E283 /* ContentView.swift */ = {isa = PBXFileReference; lastKnownFileType = sourcecode.swift; path = ContentView.swift; sourceTree = "<group>"; };
		4B61A8EA2B8642D800D9E283 /* Assets.xcassets */ = {isa = PBXFileReference; lastKnownFileType = folder.assetcatalog; path = Assets.xcassets; sourceTree = "<group>"; };
		4B61A8ED2B8642D800D9E283 /* Preview Assets.xcassets */ = {isa = PBXFileReference; lastKnownFileType = folder.assetcatalog; path = "Preview Assets.xcassets"; sourceTree = "<group>"; };
		4B61A8F62B86490D00D9E283 /* LoginView.swift */ = {isa = PBXFileReference; lastKnownFileType = sourcecode.swift; path = LoginView.swift; sourceTree = "<group>"; };
		4B61A8F92B86495000D9E283 /* Extensions.swift */ = {isa = PBXFileReference; lastKnownFileType = sourcecode.swift; path = Extensions.swift; sourceTree = "<group>"; };
		4B61A8FC2B8649A000D9E283 /* CheckboxFieldView.swift */ = {isa = PBXFileReference; lastKnownFileType = sourcecode.swift; path = CheckboxFieldView.swift; sourceTree = "<group>"; };
		4B61A8FE2B864A8400D9E283 /* WelcomeScreen.swift */ = {isa = PBXFileReference; lastKnownFileType = sourcecode.swift; path = WelcomeScreen.swift; sourceTree = "<group>"; };
		4B61A9002B870BD800D9E283 /* CustomTextfieldWithTitle.swift */ = {isa = PBXFileReference; lastKnownFileType = sourcecode.swift; path = CustomTextfieldWithTitle.swift; sourceTree = "<group>"; };
/* End PBXFileReference section */

/* Begin PBXFrameworksBuildPhase section */
		4B61A8E02B8642D600D9E283 /* Frameworks */ = {
			isa = PBXFrameworksBuildPhase;
			buildActionMask = 2147483647;
			files = (
			);
			runOnlyForDeploymentPostprocessing = 0;
		};
/* End PBXFrameworksBuildPhase section */

/* Begin PBXGroup section */
		4B61A8DA2B8642D600D9E283 = {
			isa = PBXGroup;
			children = (
				4B61A8E52B8642D600D9E283 /* Secure Notes App */,
				4B61A8E42B8642D600D9E283 /* Products */,
			);
			sourceTree = "<group>";
		};
		4B61A8E42B8642D600D9E283 /* Products */ = {
			isa = PBXGroup;
			children = (
				4B61A8E32B8642D600D9E283 /* Secure Notes App.app */,
			);
			name = Products;
			sourceTree = "<group>";
		};
		4B61A8E52B8642D600D9E283 /* Secure Notes App */ = {
			isa = PBXGroup;
			children = (
				4B61A8E82B8642D600D9E283 /* ContentView.swift */,
				4B61A8FB2B86498700D9E283 /* Reusable Views */,
				4B61A8F82B86494400D9E283 /* Extensions */,
				4B61A8F42B8648D000D9E283 /* Registration */,
				4B61A8F52B8648EC00D9E283 /* Login */,
				4B61A8E62B8642D600D9E283 /* Secure_Notes_AppApp.swift */,
				4B61A8EA2B8642D800D9E283 /* Assets.xcassets */,
				4B61A8EC2B8642D800D9E283 /* Preview Content */,
			);
			path = "Secure Notes App";
			sourceTree = "<group>";
		};
		4B61A8EC2B8642D800D9E283 /* Preview Content */ = {
			isa = PBXGroup;
			children = (
				4B61A8ED2B8642D800D9E283 /* Preview Assets.xcassets */,
			);
			path = "Preview Content";
			sourceTree = "<group>";
		};
		4B61A8F42B8648D000D9E283 /* Registration */ = {
			isa = PBXGroup;
			children = (
				4B61A8FE2B864A8400D9E283 /* WelcomeScreen.swift */,
			);
			path = Registration;
			sourceTree = "<group>";
		};
		4B61A8F52B8648EC00D9E283 /* Login */ = {
			isa = PBXGroup;
			children = (
				4B61A8F62B86490D00D9E283 /* LoginView.swift */,
			);
			path = Login;
			sourceTree = "<group>";
		};
		4B61A8F82B86494400D9E283 /* Extensions */ = {
			isa = PBXGroup;
			children = (
				4B61A8F92B86495000D9E283 /* Extensions.swift */,
			);
			path = Extensions;
			sourceTree = "<group>";
		};
		4B61A8FB2B86498700D9E283 /* Reusable Views */ = {
			isa = PBXGroup;
			children = (
				4B61A8FC2B8649A000D9E283 /* CheckboxFieldView.swift */,
				4B61A9002B870BD800D9E283 /* CustomTextfieldWithTitle.swift */,
			);
			path = "Reusable Views";
			sourceTree = "<group>";
		};
/* End PBXGroup section */

/* Begin PBXNativeTarget section */
		4B61A8E22B8642D600D9E283 /* Secure Notes App */ = {
			isa = PBXNativeTarget;
			buildConfigurationList = 4B61A8F12B8642D800D9E283 /* Build configuration list for PBXNativeTarget "Secure Notes App" */;
			buildPhases = (
				4B61A8DF2B8642D600D9E283 /* Sources */,
				4B61A8E02B8642D600D9E283 /* Frameworks */,
				4B61A8E12B8642D600D9E283 /* Resources */,
			);
			buildRules = (
			);
			dependencies = (
			);
			name = "Secure Notes App";
			productName = "Secure Notes App";
			productReference = 4B61A8E32B8642D600D9E283 /* Secure Notes App.app */;
			productType = "com.apple.product-type.application";
		};
/* End PBXNativeTarget section */

/* Begin PBXProject section */
		4B61A8DB2B8642D600D9E283 /* Project object */ = {
			isa = PBXProject;
			attributes = {
				BuildIndependentTargetsInParallel = 1;
				LastSwiftUpdateCheck = 1500;
				LastUpgradeCheck = 1500;
				TargetAttributes = {
					4B61A8E22B8642D600D9E283 = {
						CreatedOnToolsVersion = 15.0;
					};
				};
			};
			buildConfigurationList = 4B61A8DE2B8642D600D9E283 /* Build configuration list for PBXProject "Secure Notes App" */;
			compatibilityVersion = "Xcode 14.0";
			developmentRegion = en;
			hasScannedForEncodings = 0;
			knownRegions = (
				en,
				Base,
			);
			mainGroup = 4B61A8DA2B8642D600D9E283;
			productRefGroup = 4B61A8E42B8642D600D9E283 /* Products */;
			projectDirPath = "";
			projectRoot = "";
			targets = (
				4B61A8E22B8642D600D9E283 /* Secure Notes App */,
			);
		};
/* End PBXProject section */

/* Begin PBXResourcesBuildPhase section */
		4B61A8E12B8642D600D9E283 /* Resources */ = {
			isa = PBXResourcesBuildPhase;
			buildActionMask = 2147483647;
			files = (
				4B61A8EE2B8642D800D9E283 /* Preview Assets.xcassets in Resources */,
				4B61A8EB2B8642D800D9E283 /* Assets.xcassets in Resources */,
			);
			runOnlyForDeploymentPostprocessing = 0;
		};
/* End PBXResourcesBuildPhase section */

/* Begin PBXSourcesBuildPhase section */
		4B61A8DF2B8642D600D9E283 /* Sources */ = {
			isa = PBXSourcesBuildPhase;
			buildActionMask = 2147483647;
			files = (
				4B61A9012B870BD800D9E283 /* CustomTextfieldWithTitle.swift in Sources */,
				4B61A8FF2B864A8400D9E283 /* WelcomeScreen.swift in Sources */,
				4B61A8F72B86490D00D9E283 /* LoginView.swift in Sources */,
				4B61A8E92B8642D600D9E283 /* ContentView.swift in Sources */,
				4B61A8E72B8642D600D9E283 /* Secure_Notes_AppApp.swift in Sources */,
				4B61A8FA2B86495000D9E283 /* Extensions.swift in Sources */,
				4B61A8FD2B8649A000D9E283 /* CheckboxFieldView.swift in Sources */,
			);
			runOnlyForDeploymentPostprocessing = 0;
		};
/* End PBXSourcesBuildPhase section */

/* Begin XCBuildConfiguration section */
		4B61A8EF2B8642D800D9E283 /* Debug */ = {
			isa = XCBuildConfiguration;
			buildSettings = {
				ALWAYS_SEARCH_USER_PATHS = NO;
				ASSETCATALOG_COMPILER_GENERATE_SWIFT_ASSET_SYMBOL_EXTENSIONS = YES;
				CLANG_ANALYZER_NONNULL = YES;
				CLANG_ANALYZER_NUMBER_OBJECT_CONVERSION = YES_AGGRESSIVE;
				CLANG_CXX_LANGUAGE_STANDARD = "gnu++20";
				CLANG_ENABLE_MODULES = YES;
				CLANG_ENABLE_OBJC_ARC = YES;
				CLANG_ENABLE_OBJC_WEAK = YES;
				CLANG_WARN_BLOCK_CAPTURE_AUTORELEASING = YES;
				CLANG_WARN_BOOL_CONVERSION = YES;
				CLANG_WARN_COMMA = YES;
				CLANG_WARN_CONSTANT_CONVERSION = YES;
				CLANG_WARN_DEPRECATED_OBJC_IMPLEMENTATIONS = YES;
				CLANG_WARN_DIRECT_OBJC_ISA_USAGE = YES_ERROR;
				CLANG_WARN_DOCUMENTATION_COMMENTS = YES;
				CLANG_WARN_EMPTY_BODY = YES;
				CLANG_WARN_ENUM_CONVERSION = YES;
				CLANG_WARN_INFINITE_RECURSION = YES;
				CLANG_WARN_INT_CONVERSION = YES;
				CLANG_WARN_NON_LITERAL_NULL_CONVERSION = YES;
				CLANG_WARN_OBJC_IMPLICIT_RETAIN_SELF = YES;
				CLANG_WARN_OBJC_LITERAL_CONVERSION = YES;
				CLANG_WARN_OBJC_ROOT_CLASS = YES_ERROR;
				CLANG_WARN_QUOTED_INCLUDE_IN_FRAMEWORK_HEADER = YES;
				CLANG_WARN_RANGE_LOOP_ANALYSIS = YES;
				CLANG_WARN_STRICT_PROTOTYPES = YES;
				CLANG_WARN_SUSPICIOUS_MOVE = YES;
				CLANG_WARN_UNGUARDED_AVAILABILITY = YES_AGGRESSIVE;
				CLANG_WARN_UNREACHABLE_CODE = YES;
				CLANG_WARN__DUPLICATE_METHOD_MATCH = YES;
				COPY_PHASE_STRIP = NO;
				DEBUG_INFORMATION_FORMAT = dwarf;
				ENABLE_STRICT_OBJC_MSGSEND = YES;
				ENABLE_TESTABILITY = YES;
				ENABLE_USER_SCRIPT_SANDBOXING = YES;
				GCC_C_LANGUAGE_STANDARD = gnu17;
				GCC_DYNAMIC_NO_PIC = NO;
				GCC_NO_COMMON_BLOCKS = YES;
				GCC_OPTIMIZATION_LEVEL = 0;
				GCC_PREPROCESSOR_DEFINITIONS = (
					"DEBUG=1",
					"$(inherited)",
				);
				GCC_WARN_64_TO_32_BIT_CONVERSION = YES;
				GCC_WARN_ABOUT_RETURN_TYPE = YES_ERROR;
				GCC_WARN_UNDECLARED_SELECTOR = YES;
				GCC_WARN_UNINITIALIZED_AUTOS = YES_AGGRESSIVE;
				GCC_WARN_UNUSED_FUNCTION = YES;
				GCC_WARN_UNUSED_VARIABLE = YES;
				IPHONEOS_DEPLOYMENT_TARGET = 17.0;
				LOCALIZATION_PREFERS_STRING_CATALOGS = YES;
				MTL_ENABLE_DEBUG_INFO = INCLUDE_SOURCE;
				MTL_FAST_MATH = YES;
				ONLY_ACTIVE_ARCH = YES;
				SDKROOT = iphoneos;
				SWIFT_ACTIVE_COMPILATION_CONDITIONS = "DEBUG $(inherited)";
				SWIFT_OPTIMIZATION_LEVEL = "-Onone";
			};
			name = Debug;
		};
		4B61A8F02B8642D800D9E283 /* Release */ = {
			isa = XCBuildConfiguration;
			buildSettings = {
				ALWAYS_SEARCH_USER_PATHS = NO;
				ASSETCATALOG_COMPILER_GENERATE_SWIFT_ASSET_SYMBOL_EXTENSIONS = YES;
				CLANG_ANALYZER_NONNULL = YES;
				CLANG_ANALYZER_NUMBER_OBJECT_CONVERSION = YES_AGGRESSIVE;
				CLANG_CXX_LANGUAGE_STANDARD = "gnu++20";
				CLANG_ENABLE_MODULES = YES;
				CLANG_ENABLE_OBJC_ARC = YES;
				CLANG_ENABLE_OBJC_WEAK = YES;
				CLANG_WARN_BLOCK_CAPTURE_AUTORELEASING = YES;
				CLANG_WARN_BOOL_CONVERSION = YES;
				CLANG_WARN_COMMA = YES;
				CLANG_WARN_CONSTANT_CONVERSION = YES;
				CLANG_WARN_DEPRECATED_OBJC_IMPLEMENTATIONS = YES;
				CLANG_WARN_DIRECT_OBJC_ISA_USAGE = YES_ERROR;
				CLANG_WARN_DOCUMENTATION_COMMENTS = YES;
				CLANG_WARN_EMPTY_BODY = YES;
				CLANG_WARN_ENUM_CONVERSION = YES;
				CLANG_WARN_INFINITE_RECURSION = YES;
				CLANG_WARN_INT_CONVERSION = YES;
				CLANG_WARN_NON_LITERAL_NULL_CONVERSION = YES;
				CLANG_WARN_OBJC_IMPLICIT_RETAIN_SELF = YES;
				CLANG_WARN_OBJC_LITERAL_CONVERSION = YES;
				CLANG_WARN_OBJC_ROOT_CLASS = YES_ERROR;
				CLANG_WARN_QUOTED_INCLUDE_IN_FRAMEWORK_HEADER = YES;
				CLANG_WARN_RANGE_LOOP_ANALYSIS = YES;
				CLANG_WARN_STRICT_PROTOTYPES = YES;
				CLANG_WARN_SUSPICIOUS_MOVE = YES;
				CLANG_WARN_UNGUARDED_AVAILABILITY = YES_AGGRESSIVE;
				CLANG_WARN_UNREACHABLE_CODE = YES;
				CLANG_WARN__DUPLICATE_METHOD_MATCH = YES;
				COPY_PHASE_STRIP = NO;
				DEBUG_INFORMATION_FORMAT = "dwarf-with-dsym";
				ENABLE_NS_ASSERTIONS = NO;
				ENABLE_STRICT_OBJC_MSGSEND = YES;
				ENABLE_USER_SCRIPT_SANDBOXING = YES;
				GCC_C_LANGUAGE_STANDARD = gnu17;
				GCC_NO_COMMON_BLOCKS = YES;
				GCC_WARN_64_TO_32_BIT_CONVERSION = YES;
				GCC_WARN_ABOUT_RETURN_TYPE = YES_ERROR;
				GCC_WARN_UNDECLARED_SELECTOR = YES;
				GCC_WARN_UNINITIALIZED_AUTOS = YES_AGGRESSIVE;
				GCC_WARN_UNUSED_FUNCTION = YES;
				GCC_WARN_UNUSED_VARIABLE = YES;
				IPHONEOS_DEPLOYMENT_TARGET = 17.0;
				LOCALIZATION_PREFERS_STRING_CATALOGS = YES;
				MTL_ENABLE_DEBUG_INFO = NO;
				MTL_FAST_MATH = YES;
				SDKROOT = iphoneos;
				SWIFT_COMPILATION_MODE = wholemodule;
				VALIDATE_PRODUCT = YES;
			};
			name = Release;
		};
		4B61A8F22B8642D800D9E283 /* Debug */ = {
			isa = XCBuildConfiguration;
			buildSettings = {
				ASSETCATALOG_COMPILER_APPICON_NAME = AppIcon;
				ASSETCATALOG_COMPILER_GLOBAL_ACCENT_COLOR_NAME = AccentColor;
				CODE_SIGN_STYLE = Automatic;
				CURRENT_PROJECT_VERSION = 1;
				DEVELOPMENT_ASSET_PATHS = "\"Secure Notes App/Preview Content\"";
				ENABLE_PREVIEWS = YES;
				GENERATE_INFOPLIST_FILE = YES;
				INFOPLIST_KEY_UIApplicationSceneManifest_Generation = YES;
				INFOPLIST_KEY_UIApplicationSupportsIndirectInputEvents = YES;
				INFOPLIST_KEY_UILaunchScreen_Generation = YES;
				INFOPLIST_KEY_UISupportedInterfaceOrientations_iPad = "UIInterfaceOrientationPortrait UIInterfaceOrientationPortraitUpsideDown UIInterfaceOrientationLandscapeLeft UIInterfaceOrientationLandscapeRight";
				INFOPLIST_KEY_UISupportedInterfaceOrientations_iPhone = "UIInterfaceOrientationPortrait UIInterfaceOrientationLandscapeLeft UIInterfaceOrientationLandscapeRight";
				LD_RUNPATH_SEARCH_PATHS = (
					"$(inherited)",
					"@executable_path/Frameworks",
				);
				MARKETING_VERSION = 1.0;
				PRODUCT_BUNDLE_IDENTIFIER = "com.adwait.NotesApp.Secure-Notes-App";
				PRODUCT_NAME = "$(TARGET_NAME)";
				SWIFT_EMIT_LOC_STRINGS = YES;
				SWIFT_VERSION = 5.0;
				TARGETED_DEVICE_FAMILY = "1,2";
			};
			name = Debug;
		};
		4B61A8F32B8642D800D9E283 /* Release */ = {
			isa = XCBuildConfiguration;
			buildSettings = {
				ASSETCATALOG_COMPILER_APPICON_NAME = AppIcon;
				ASSETCATALOG_COMPILER_GLOBAL_ACCENT_COLOR_NAME = AccentColor;
				CODE_SIGN_STYLE = Automatic;
				CURRENT_PROJECT_VERSION = 1;
				DEVELOPMENT_ASSET_PATHS = "\"Secure Notes App/Preview Content\"";
				ENABLE_PREVIEWS = YES;
				GENERATE_INFOPLIST_FILE = YES;
				INFOPLIST_KEY_UIApplicationSceneManifest_Generation = YES;
				INFOPLIST_KEY_UIApplicationSupportsIndirectInputEvents = YES;
				INFOPLIST_KEY_UILaunchScreen_Generation = YES;
				INFOPLIST_KEY_UISupportedInterfaceOrientations_iPad = "UIInterfaceOrientationPortrait UIInterfaceOrientationPortraitUpsideDown UIInterfaceOrientationLandscapeLeft UIInterfaceOrientationLandscapeRight";
				INFOPLIST_KEY_UISupportedInterfaceOrientations_iPhone = "UIInterfaceOrientationPortrait UIInterfaceOrientationLandscapeLeft UIInterfaceOrientationLandscapeRight";
				LD_RUNPATH_SEARCH_PATHS = (
					"$(inherited)",
					"@executable_path/Frameworks",
				);
				MARKETING_VERSION = 1.0;
				PRODUCT_BUNDLE_IDENTIFIER = "com.adwait.NotesApp.Secure-Notes-App";
				PRODUCT_NAME = "$(TARGET_NAME)";
				SWIFT_EMIT_LOC_STRINGS = YES;
				SWIFT_VERSION = 5.0;
				TARGETED_DEVICE_FAMILY = "1,2";
			};
			name = Release;
		};
/* End XCBuildConfiguration section */

/* Begin XCConfigurationList section */
		4B61A8DE2B8642D600D9E283 /* Build configuration list for PBXProject "Secure Notes App" */ = {
			isa = XCConfigurationList;
			buildConfigurations = (
				4B61A8EF2B8642D800D9E283 /* Debug */,
				4B61A8F02B8642D800D9E283 /* Release */,
			);
			defaultConfigurationIsVisible = 0;
			defaultConfigurationName = Release;
		};
		4B61A8F12B8642D800D9E283 /* Build configuration list for PBXNativeTarget "Secure Notes App" */ = {
			isa = XCConfigurationList;
			buildConfigurations = (
				4B61A8F22B8642D800D9E283 /* Debug */,
				4B61A8F32B8642D800D9E283 /* Release */,
			);
			defaultConfigurationIsVisible = 0;
			defaultConfigurationName = Release;
		};
/* End XCConfigurationList section */
	};
	rootObject = 4B61A8DB2B8642D600D9E283 /* Project object */;
}
